
Microsoft Visual Studio Solution File, Format Version 12.00
# Visual Studio 15
VisualStudioVersion = 15.0.26228.9
MinimumVisualStudioVersion = 10.0.40219.1
Project("{FAE04EC0-301F-11D3-BF4B-00C04F79EFBC}") = "WindowsFormsChromaKeyboardPong", "WindowsFormsChromaKeyboardPong.csproj", "{B6D68D06-3D8A-40CC-B435-B17B38826F73}"
EndProject
Project("{FAE04EC0-301F-11D3-BF4B-00C04F79EFBC}") = "MouseKeyHook", "Libs\MouseKeyHook\MouseKeyHook.csproj", "{F52AA97E-180A-40ED-8F2B-09080171D6C7}"
EndProject
Global
	GlobalSection(SolutionConfigurationPlatforms) = preSolution
		Debug|Any CPU = Debug|Any CPU
		Debug|x64 = Debug|x64
		Debug|x86 = Debug|x86
		Release|Any CPU = Release|Any CPU
		Release|x64 = Release|x64
		Release|x86 = Release|x86
	EndGlobalSection
	GlobalSection(ProjectConfigurationPlatforms) = postSolution
		{B6D68D06-3D8A-40CC-B435-B17B38826F73}.Debug|Any CPU.ActiveCfg = Debug|Any CPU
		{B6D68D06-3D8A-40CC-B435-B17B38826F73}.Debug|Any CPU.Build.0 = Debug|Any CPU
		{B6D68D06-3D8A-40CC-B435-B17B38826F73}.Debug|x64.ActiveCfg = Debug|Any CPU
		{B6D68D06-3D8A-40CC-B435-B17B38826F73}.Debug|x64.Build.0 = Debug|Any CPU
		{B6D68D06-3D8A-40CC-B435-B17B38826F73}.Debug|x86.ActiveCfg = Debug|Any CPU
		{B6D68D06-3D8A-40CC-B435-B17B38826F73}.Debug|x86.Build.0 = Debug|Any CPU
		{B6D68D06-3D8A-40CC-B435-B17B38826F73}.Release|Any CPU.ActiveCfg = Release|Any CPU
		{B6D68D06-3D8A-40CC-B435-B17B38826F73}.Release|Any CPU.Build.0 = Release|Any CPU
		{B6D68D06-3D8A-40CC-B435-B17B38826F73}.Release|x64.ActiveCfg = Release|Any CPU
		{B6D68D06-3D8A-40CC-B435-B17B38826F73}.Release|x64.Build.0 = Release|Any CPU
		{B6D68D06-3D8A-40CC-B435-B17B38826F73}.Release|x86.ActiveCfg = Release|Any CPU
		{B6D68D06-3D8A-40CC-B435-B17B38826F73}.Release|x86.Build.0 = Release|Any CPU
		{F52AA97E-180A-40ED-8F2B-09080171D6C7}.Debug|Any CPU.ActiveCfg = Debug|Any CPU
		{F52AA97E-180A-40ED-8F2B-09080171D6C7}.Debug|Any CPU.Build.0 = Debug|Any CPU
		{F52AA97E-180A-40ED-8F2B-09080171D6C7}.Debug|x64.ActiveCfg = Debug|x64
		{F52AA97E-180A-40ED-8F2B-09080171D6C7}.Debug|x64.Build.0 = Debug|x64
		{F52AA97E-180A-40ED-8F2B-09080171D6C7}.Debug|x86.ActiveCfg = Debug|x86
		{F52AA97E-180A-40ED-8F2B-09080171D6C7}.Debug|x86.Build.0 = Debug|x86
		{F52AA97E-180A-40ED-8F2B-09080171D6C7}.Release|Any CPU.ActiveCfg = Release|Any CPU
		{F52AA97E-180A-40ED-8F2B-09080171D6C7}.Release|Any CPU.Build.0 = Release|Any CPU
		{F52AA97E-180A-40ED-8F2B-09080171D6C7}.Release|x64.ActiveCfg = Release|x64
		{F52AA97E-180A-40ED-8F2B-09080171D6C7}.Release|x64.Build.0 = Release|x64
		{F52AA97E-180A-40ED-8F2B-09080171D6C7}.Release|x86.ActiveCfg = Release|x86
		{F52AA97E-180A-40ED-8F2B-09080171D6C7}.Release|x86.Build.0 = Release|x86
	EndGlobalSection
	GlobalSection(SolutionProperties) = preSolution
		HideSolutionNode = FALSE
	EndGlobalSection
EndGlobal
